
Microsoft Visual Studio Solution File, Format Version 12.00
# Visual Studio Version 17
VisualStudioVersion = 17.7.34009.444
MinimumVisualStudioVersion = 10.0.40219.1
Project("{FAE04EC0-301F-11D3-BF4B-00C04F79EFBC}") = "IamprogrammerVI_B", "IamprogrammerVI_B\IamprogrammerVI_B.csproj", "{DCD81FB1-BFF1-4D95-A416-A6CCD0E7792B}"
EndProject
Global
	GlobalSection(SolutionConfigurationPlatforms) = preSolution
		Debug|Any CPU = Debug|Any CPU
		Release|Any CPU = Release|Any CPU
	EndGlobalSection
	GlobalSection(ProjectConfigurationPlatforms) = postSolution
		{DCD81FB1-BFF1-4D95-A416-A6CCD0E7792B}.Debug|Any CPU.ActiveCfg = Debug|Any CPU
		{DCD81FB1-BFF1-4D95-A416-A6CCD0E7792B}.Debug|Any CPU.Build.0 = Debug|Any CPU
		{DCD81FB1-BFF1-4D95-A416-A6CCD0E7792B}.Release|Any CPU.ActiveCfg = Release|Any CPU
		{DCD81FB1-BFF1-4D95-A416-A6CCD0E7792B}.Release|Any CPU.Build.0 = Release|Any CPU
	EndGlobalSection
	GlobalSection(SolutionProperties) = preSolution
		HideSolutionNode = FALSE
	EndGlobalSection
	GlobalSection(ExtensibilityGlobals) = postSolution
		SolutionGuid = {E93F6646-F684-4DC8-A853-3E84D7CC6A2A}
	EndGlobalSection
EndGlobal
